
Microsoft Visual Studio Solution File, Format Version 12.00
# Visual Studio Version 16
VisualStudioVersion = 16.0.31424.327
MinimumVisualStudioVersion = 10.0.40219.1
Project("{FAE04EC0-301F-11D3-BF4B-00C04F79EFBC}") = "QC_CADToTekla", "QC_CADToTekla\QC_CADToTekla.csproj", "{21722A9A-580A-428F-B245-9ACD3A888E66}"
EndProject
Project("{FAE04EC0-301F-11D3-BF4B-00C04F79EFBC}") = "QCLibraryTekla", "..\..\..\Tekla_Plugins\2021.0\QCLibraryTekla\QCLibraryTekla\QCLibraryTekla.csproj", "{9F029B8C-B179-4B3A-B361-5CAF843A8016}"
EndProject
Global
	GlobalSection(SolutionConfigurationPlatforms) = preSolution
		Debug|Any CPU = Debug|Any CPU
		Release|Any CPU = Release|Any CPU
	EndGlobalSection
	GlobalSection(ProjectConfigurationPlatforms) = postSolution
		{21722A9A-580A-428F-B245-9ACD3A888E66}.Debug|Any CPU.ActiveCfg = Debug|Any CPU
		{21722A9A-580A-428F-B245-9ACD3A888E66}.Debug|Any CPU.Build.0 = Debug|Any CPU
		{21722A9A-580A-428F-B245-9ACD3A888E66}.Release|Any CPU.ActiveCfg = Release|Any CPU
		{21722A9A-580A-428F-B245-9ACD3A888E66}.Release|Any CPU.Build.0 = Release|Any CPU
		{9F029B8C-B179-4B3A-B361-5CAF843A8016}.Debug|Any CPU.ActiveCfg = Debug|Any CPU
		{9F029B8C-B179-4B3A-B361-5CAF843A8016}.Debug|Any CPU.Build.0 = Debug|Any CPU
		{9F029B8C-B179-4B3A-B361-5CAF843A8016}.Release|Any CPU.ActiveCfg = Release|Any CPU
		{9F029B8C-B179-4B3A-B361-5CAF843A8016}.Release|Any CPU.Build.0 = Release|Any CPU
	EndGlobalSection
	GlobalSection(SolutionProperties) = preSolution
		HideSolutionNode = FALSE
	EndGlobalSection
	GlobalSection(ExtensibilityGlobals) = postSolution
		SolutionGuid = {3A310C0C-6627-42D3-9009-1C63E4C28A3F}
	EndGlobalSection
EndGlobal
